// !$*UTF8*$!
{
	archiveVersion = 1;
	classes = {
	};
	objectVersion = 56;
	objects = {

/* Begin PBXBuildFile section */
		F43D4FD62AD1E5DB00234833 /* Location.swift in Sources */ = {isa = PBXBuildFile; fileRef = F43D4FD52AD1E5DB00234833 /* Location.swift */; };
		F43D4FD82AD3209800234833 /* LocationViewModel.swift in Sources */ = {isa = PBXBuildFile; fileRef = F43D4FD72AD3209800234833 /* LocationViewModel.swift */; };
		F43D4FDE2AD333FB00234833 /* PixelifySans-Bold.ttf in Resources */ = {isa = PBXBuildFile; fileRef = F43D4FDA2AD333FB00234833 /* PixelifySans-Bold.ttf */; };
		F43D4FDF2AD333FB00234833 /* PixelifySans-SemiBold.ttf in Resources */ = {isa = PBXBuildFile; fileRef = F43D4FDB2AD333FB00234833 /* PixelifySans-SemiBold.ttf */; };
		F43D4FE02AD333FB00234833 /* PixelifySans-Regular.ttf in Resources */ = {isa = PBXBuildFile; fileRef = F43D4FDC2AD333FB00234833 /* PixelifySans-Regular.ttf */; };
		F43D4FE12AD333FB00234833 /* PixelifySans-Medium.ttf in Resources */ = {isa = PBXBuildFile; fileRef = F43D4FDD2AD333FB00234833 /* PixelifySans-Medium.ttf */; };
		F43D4FE42AD3343D00234833 /* Constants.swift in Sources */ = {isa = PBXBuildFile; fileRef = F43D4FE32AD3343D00234833 /* Constants.swift */; };
		F43D4FE62AD3385100234833 /* ShowMyIpButton.swift in Sources */ = {isa = PBXBuildFile; fileRef = F43D4FE52AD3385100234833 /* ShowMyIpButton.swift */; };
		F43D4FE82AD3416900234833 /* FindByIpButton.swift in Sources */ = {isa = PBXBuildFile; fileRef = F43D4FE72AD3416900234833 /* FindByIpButton.swift */; };
		F43D4FEA2AD3429C00234833 /* CustomTextfield.swift in Sources */ = {isa = PBXBuildFile; fileRef = F43D4FE92AD3429C00234833 /* CustomTextfield.swift */; };
		F43D4FEC2AD72FE200234833 /* LocationInfoView.swift in Sources */ = {isa = PBXBuildFile; fileRef = F43D4FEB2AD72FE200234833 /* LocationInfoView.swift */; };
		F43D4FEE2AD9CD8D00234833 /* Map.swift in Sources */ = {isa = PBXBuildFile; fileRef = F43D4FED2AD9CD8D00234833 /* Map.swift */; };
		F43D4FF02AD9DE0B00234833 /* LocationCellModel.swift in Sources */ = {isa = PBXBuildFile; fileRef = F43D4FEF2AD9DE0B00234833 /* LocationCellModel.swift */; };
		F4CA5FC22AD1DE1300A7B5C0 /* LocationFinderApp.swift in Sources */ = {isa = PBXBuildFile; fileRef = F4CA5FC12AD1DE1300A7B5C0 /* LocationFinderApp.swift */; };
		F4CA5FC62AD1DE1600A7B5C0 /* Assets.xcassets in Resources */ = {isa = PBXBuildFile; fileRef = F4CA5FC52AD1DE1600A7B5C0 /* Assets.xcassets */; };
		F4CA5FCA2AD1DE1600A7B5C0 /* Preview Assets.xcassets in Resources */ = {isa = PBXBuildFile; fileRef = F4CA5FC92AD1DE1600A7B5C0 /* Preview Assets.xcassets */; };
		F4CA5FD62AD1DEE700A7B5C0 /* ContentView.swift in Sources */ = {isa = PBXBuildFile; fileRef = F4CA5FD52AD1DEE700A7B5C0 /* ContentView.swift */; };
		F4DEF6962ADB076D008289D8 /* LocationCell.swift in Sources */ = {isa = PBXBuildFile; fileRef = F4DEF6952ADB076D008289D8 /* LocationCell.swift */; };
/* End PBXBuildFile section */

/* Begin PBXFileReference section */
		F43D4FD52AD1E5DB00234833 /* Location.swift */ = {isa = PBXFileReference; lastKnownFileType = sourcecode.swift; path = Location.swift; sourceTree = "<group>"; };
		F43D4FD72AD3209800234833 /* LocationViewModel.swift */ = {isa = PBXFileReference; lastKnownFileType = sourcecode.swift; path = LocationViewModel.swift; sourceTree = "<group>"; };
		F43D4FDA2AD333FB00234833 /* PixelifySans-Bold.ttf */ = {isa = PBXFileReference; lastKnownFileType = file; path = "PixelifySans-Bold.ttf"; sourceTree = "<group>"; };
		F43D4FDB2AD333FB00234833 /* PixelifySans-SemiBold.ttf */ = {isa = PBXFileReference; lastKnownFileType = file; path = "PixelifySans-SemiBold.ttf"; sourceTree = "<group>"; };
		F43D4FDC2AD333FB00234833 /* PixelifySans-Regular.ttf */ = {isa = PBXFileReference; lastKnownFileType = file; path = "PixelifySans-Regular.ttf"; sourceTree = "<group>"; };
		F43D4FDD2AD333FB00234833 /* PixelifySans-Medium.ttf */ = {isa = PBXFileReference; lastKnownFileType = file; path = "PixelifySans-Medium.ttf"; sourceTree = "<group>"; };
		F43D4FE22AD3341D00234833 /* Info.plist */ = {isa = PBXFileReference; lastKnownFileType = text.plist; path = Info.plist; sourceTree = "<group>"; };
		F43D4FE32AD3343D00234833 /* Constants.swift */ = {isa = PBXFileReference; lastKnownFileType = sourcecode.swift; path = Constants.swift; sourceTree = "<group>"; };
		F43D4FE52AD3385100234833 /* ShowMyIpButton.swift */ = {isa = PBXFileReference; lastKnownFileType = sourcecode.swift; path = ShowMyIpButton.swift; sourceTree = "<group>"; };
		F43D4FE72AD3416900234833 /* FindByIpButton.swift */ = {isa = PBXFileReference; lastKnownFileType = sourcecode.swift; path = FindByIpButton.swift; sourceTree = "<group>"; };
		F43D4FE92AD3429C00234833 /* CustomTextfield.swift */ = {isa = PBXFileReference; lastKnownFileType = sourcecode.swift; path = CustomTextfield.swift; sourceTree = "<group>"; };
		F43D4FEB2AD72FE200234833 /* LocationInfoView.swift */ = {isa = PBXFileReference; lastKnownFileType = sourcecode.swift; path = LocationInfoView.swift; sourceTree = "<group>"; };
		F43D4FED2AD9CD8D00234833 /* Map.swift */ = {isa = PBXFileReference; lastKnownFileType = sourcecode.swift; path = Map.swift; sourceTree = "<group>"; };
		F43D4FEF2AD9DE0B00234833 /* LocationCellModel.swift */ = {isa = PBXFileReference; lastKnownFileType = sourcecode.swift; path = LocationCellModel.swift; sourceTree = "<group>"; };
		F4CA5FBE2AD1DE1300A7B5C0 /* LocationFinder.app */ = {isa = PBXFileReference; explicitFileType = wrapper.application; includeInIndex = 0; path = LocationFinder.app; sourceTree = BUILT_PRODUCTS_DIR; };
		F4CA5FC12AD1DE1300A7B5C0 /* LocationFinderApp.swift */ = {isa = PBXFileReference; lastKnownFileType = sourcecode.swift; path = LocationFinderApp.swift; sourceTree = "<group>"; };
		F4CA5FC52AD1DE1600A7B5C0 /* Assets.xcassets */ = {isa = PBXFileReference; lastKnownFileType = folder.assetcatalog; path = Assets.xcassets; sourceTree = "<group>"; };
		F4CA5FC72AD1DE1600A7B5C0 /* LocationFinder.entitlements */ = {isa = PBXFileReference; lastKnownFileType = text.plist.entitlements; path = LocationFinder.entitlements; sourceTree = "<group>"; };
		F4CA5FC92AD1DE1600A7B5C0 /* Preview Assets.xcassets */ = {isa = PBXFileReference; lastKnownFileType = folder.assetcatalog; path = "Preview Assets.xcassets"; sourceTree = "<group>"; };
		F4CA5FD52AD1DEE700A7B5C0 /* ContentView.swift */ = {isa = PBXFileReference; lastKnownFileType = sourcecode.swift; path = ContentView.swift; sourceTree = "<group>"; };
		F4DEF6952ADB076D008289D8 /* LocationCell.swift */ = {isa = PBXFileReference; lastKnownFileType = sourcecode.swift; path = LocationCell.swift; sourceTree = "<group>"; };
/* End PBXFileReference section */

/* Begin PBXFrameworksBuildPhase section */
		F4CA5FBB2AD1DE1300A7B5C0 /* Frameworks */ = {
			isa = PBXFrameworksBuildPhase;
			buildActionMask = 2147483647;
			files = (
			);
			runOnlyForDeploymentPostprocessing = 0;
		};
/* End PBXFrameworksBuildPhase section */

/* Begin PBXGroup section */
		F43D4FD42AD1E5D100234833 /* Model */ = {
			isa = PBXGroup;
			children = (
				F43D4FD52AD1E5DB00234833 /* Location.swift */,
				F43D4FEF2AD9DE0B00234833 /* LocationCellModel.swift */,
			);
			path = Model;
			sourceTree = "<group>";
		};
		F43D4FD92AD333EC00234833 /* Fonts */ = {
			isa = PBXGroup;
			children = (
				F43D4FDA2AD333FB00234833 /* PixelifySans-Bold.ttf */,
				F43D4FDD2AD333FB00234833 /* PixelifySans-Medium.ttf */,
				F43D4FDC2AD333FB00234833 /* PixelifySans-Regular.ttf */,
				F43D4FDB2AD333FB00234833 /* PixelifySans-SemiBold.ttf */,
			);
			path = Fonts;
			sourceTree = "<group>";
		};
		F4CA5FB52AD1DE1300A7B5C0 = {
			isa = PBXGroup;
			children = (
				F4CA5FC02AD1DE1300A7B5C0 /* LocationFinder */,
				F4CA5FBF2AD1DE1300A7B5C0 /* Products */,
			);
			sourceTree = "<group>";
		};
		F4CA5FBF2AD1DE1300A7B5C0 /* Products */ = {
			isa = PBXGroup;
			children = (
				F4CA5FBE2AD1DE1300A7B5C0 /* LocationFinder.app */,
			);
			name = Products;
			sourceTree = "<group>";
		};
		F4CA5FC02AD1DE1300A7B5C0 /* LocationFinder */ = {
			isa = PBXGroup;
			children = (
				F43D4FE22AD3341D00234833 /* Info.plist */,
				F43D4FD92AD333EC00234833 /* Fonts */,
				F4CA5FD02AD1DE2600A7B5C0 /* Map */,
				F4CA5FC12AD1DE1300A7B5C0 /* LocationFinderApp.swift */,
				F4CA5FC52AD1DE1600A7B5C0 /* Assets.xcassets */,
				F4CA5FC72AD1DE1600A7B5C0 /* LocationFinder.entitlements */,
				F4CA5FC82AD1DE1600A7B5C0 /* Preview Content */,
				F43D4FE32AD3343D00234833 /* Constants.swift */,
			);
			path = LocationFinder;
			sourceTree = "<group>";
		};
		F4CA5FC82AD1DE1600A7B5C0 /* Preview Content */ = {
			isa = PBXGroup;
			children = (
				F4CA5FC92AD1DE1600A7B5C0 /* Preview Assets.xcassets */,
			);
			path = "Preview Content";
			sourceTree = "<group>";
		};
		F4CA5FD02AD1DE2600A7B5C0 /* Map */ = {
			isa = PBXGroup;
			children = (
				F4CA5FD22AD1DE4900A7B5C0 /* Logic */,
				F4CA5FD12AD1DE3F00A7B5C0 /* UI */,
			);
			path = Map;
			sourceTree = "<group>";
		};
		F4CA5FD12AD1DE3F00A7B5C0 /* UI */ = {
			isa = PBXGroup;
			children = (
				F4CA5FD32AD1DEA100A7B5C0 /* Components */,
				F4CA5FD52AD1DEE700A7B5C0 /* ContentView.swift */,
			);
			path = UI;
			sourceTree = "<group>";
		};
		F4CA5FD22AD1DE4900A7B5C0 /* Logic */ = {
			isa = PBXGroup;
			children = (
				F43D4FD42AD1E5D100234833 /* Model */,
				F43D4FD72AD3209800234833 /* LocationViewModel.swift */,
			);
			path = Logic;
			sourceTree = "<group>";
		};
		F4CA5FD32AD1DEA100A7B5C0 /* Components */ = {
			isa = PBXGroup;
			children = (
				F43D4FE52AD3385100234833 /* ShowMyIpButton.swift */,
				F43D4FE72AD3416900234833 /* FindByIpButton.swift */,
				F43D4FE92AD3429C00234833 /* CustomTextfield.swift */,
				F43D4FEB2AD72FE200234833 /* LocationInfoView.swift */,
				F43D4FED2AD9CD8D00234833 /* Map.swift */,
				F4DEF6952ADB076D008289D8 /* LocationCell.swift */,
			);
			path = Components;
			sourceTree = "<group>";
		};
/* End PBXGroup section */

/* Begin PBXNativeTarget section */
		F4CA5FBD2AD1DE1300A7B5C0 /* LocationFinder */ = {
			isa = PBXNativeTarget;
			buildConfigurationList = F4CA5FCD2AD1DE1600A7B5C0 /* Build configuration list for PBXNativeTarget "LocationFinder" */;
			buildPhases = (
				F4CA5FBA2AD1DE1300A7B5C0 /* Sources */,
				F4CA5FBB2AD1DE1300A7B5C0 /* Frameworks */,
				F4CA5FBC2AD1DE1300A7B5C0 /* Resources */,
			);
			buildRules = (
			);
			dependencies = (
			);
			name = LocationFinder;
			productName = LocationFinder;
			productReference = F4CA5FBE2AD1DE1300A7B5C0 /* LocationFinder.app */;
			productType = "com.apple.product-type.application";
		};
/* End PBXNativeTarget section */

/* Begin PBXProject section */
		F4CA5FB62AD1DE1300A7B5C0 /* Project object */ = {
			isa = PBXProject;
			attributes = {
				BuildIndependentTargetsInParallel = 1;
				LastSwiftUpdateCheck = 1430;
				LastUpgradeCheck = 1430;
				TargetAttributes = {
					F4CA5FBD2AD1DE1300A7B5C0 = {
						CreatedOnToolsVersion = 14.3.1;
					};
				};
			};
			buildConfigurationList = F4CA5FB92AD1DE1300A7B5C0 /* Build configuration list for PBXProject "LocationFinder" */;
			compatibilityVersion = "Xcode 14.0";
			developmentRegion = en;
			hasScannedForEncodings = 0;
			knownRegions = (
				en,
				Base,
			);
			mainGroup = F4CA5FB52AD1DE1300A7B5C0;
			productRefGroup = F4CA5FBF2AD1DE1300A7B5C0 /* Products */;
			projectDirPath = "";
			projectRoot = "";
			targets = (
				F4CA5FBD2AD1DE1300A7B5C0 /* LocationFinder */,
			);
		};
/* End PBXProject section */

/* Begin PBXResourcesBuildPhase section */
		F4CA5FBC2AD1DE1300A7B5C0 /* Resources */ = {
			isa = PBXResourcesBuildPhase;
			buildActionMask = 2147483647;
			files = (
				F43D4FE12AD333FB00234833 /* PixelifySans-Medium.ttf in Resources */,
				F43D4FDF2AD333FB00234833 /* PixelifySans-SemiBold.ttf in Resources */,
				F43D4FE02AD333FB00234833 /* PixelifySans-Regular.ttf in Resources */,
				F4CA5FCA2AD1DE1600A7B5C0 /* Preview Assets.xcassets in Resources */,
				F43D4FDE2AD333FB00234833 /* PixelifySans-Bold.ttf in Resources */,
				F4CA5FC62AD1DE1600A7B5C0 /* Assets.xcassets in Resources */,
			);
			runOnlyForDeploymentPostprocessing = 0;
		};
/* End PBXResourcesBuildPhase section */

/* Begin PBXSourcesBuildPhase section */
		F4CA5FBA2AD1DE1300A7B5C0 /* Sources */ = {
			isa = PBXSourcesBuildPhase;
			buildActionMask = 2147483647;
			files = (
				F43D4FEE2AD9CD8D00234833 /* Map.swift in Sources */,
				F43D4FE42AD3343D00234833 /* Constants.swift in Sources */,
				F43D4FE62AD3385100234833 /* ShowMyIpButton.swift in Sources */,
				F4CA5FC22AD1DE1300A7B5C0 /* LocationFinderApp.swift in Sources */,
				F43D4FE82AD3416900234833 /* FindByIpButton.swift in Sources */,
				F43D4FF02AD9DE0B00234833 /* LocationCellModel.swift in Sources */,
				F4DEF6962ADB076D008289D8 /* LocationCell.swift in Sources */,
				F43D4FEA2AD3429C00234833 /* CustomTextfield.swift in Sources */,
				F4CA5FD62AD1DEE700A7B5C0 /* ContentView.swift in Sources */,
				F43D4FEC2AD72FE200234833 /* LocationInfoView.swift in Sources */,
				F43D4FD62AD1E5DB00234833 /* Location.swift in Sources */,
				F43D4FD82AD3209800234833 /* LocationViewModel.swift in Sources */,
			);
			runOnlyForDeploymentPostprocessing = 0;
		};
/* End PBXSourcesBuildPhase section */

/* Begin XCBuildConfiguration section */
		F4CA5FCB2AD1DE1600A7B5C0 /* Debug */ = {
			isa = XCBuildConfiguration;
			buildSettings = {
				ALWAYS_SEARCH_USER_PATHS = NO;
				CLANG_ANALYZER_NONNULL = YES;
				CLANG_ANALYZER_NUMBER_OBJECT_CONVERSION = YES_AGGRESSIVE;
				CLANG_CXX_LANGUAGE_STANDARD = "gnu++20";
				CLANG_ENABLE_MODULES = YES;
				CLANG_ENABLE_OBJC_ARC = YES;
				CLANG_ENABLE_OBJC_WEAK = YES;
				CLANG_WARN_BLOCK_CAPTURE_AUTORELEASING = YES;
				CLANG_WARN_BOOL_CONVERSION = YES;
				CLANG_WARN_COMMA = YES;
				CLANG_WARN_CONSTANT_CONVERSION = YES;
				CLANG_WARN_DEPRECATED_OBJC_IMPLEMENTATIONS = YES;
				CLANG_WARN_DIRECT_OBJC_ISA_USAGE = YES_ERROR;
				CLANG_WARN_DOCUMENTATION_COMMENTS = YES;
				CLANG_WARN_EMPTY_BODY = YES;
				CLANG_WARN_ENUM_CONVERSION = YES;
				CLANG_WARN_INFINITE_RECURSION = YES;
				CLANG_WARN_INT_CONVERSION = YES;
				CLANG_WARN_NON_LITERAL_NULL_CONVERSION = YES;
				CLANG_WARN_OBJC_IMPLICIT_RETAIN_SELF = YES;
				CLANG_WARN_OBJC_LITERAL_CONVERSION = YES;
				CLANG_WARN_OBJC_ROOT_CLASS = YES_ERROR;
				CLANG_WARN_QUOTED_INCLUDE_IN_FRAMEWORK_HEADER = YES;
				CLANG_WARN_RANGE_LOOP_ANALYSIS = YES;
				CLANG_WARN_STRICT_PROTOTYPES = YES;
				CLANG_WARN_SUSPICIOUS_MOVE = YES;
				CLANG_WARN_UNGUARDED_AVAILABILITY = YES_AGGRESSIVE;
				CLANG_WARN_UNREACHABLE_CODE = YES;
				CLANG_WARN__DUPLICATE_METHOD_MATCH = YES;
				COPY_PHASE_STRIP = NO;
				DEBUG_INFORMATION_FORMAT = dwarf;
				ENABLE_STRICT_OBJC_MSGSEND = YES;
				ENABLE_TESTABILITY = YES;
				GCC_C_LANGUAGE_STANDARD = gnu11;
				GCC_DYNAMIC_NO_PIC = NO;
				GCC_NO_COMMON_BLOCKS = YES;
				GCC_OPTIMIZATION_LEVEL = 0;
				GCC_PREPROCESSOR_DEFINITIONS = (
					"DEBUG=1",
					"$(inherited)",
				);
				GCC_WARN_64_TO_32_BIT_CONVERSION = YES;
				GCC_WARN_ABOUT_RETURN_TYPE = YES_ERROR;
				GCC_WARN_UNDECLARED_SELECTOR = YES;
				GCC_WARN_UNINITIALIZED_AUTOS = YES_AGGRESSIVE;
				GCC_WARN_UNUSED_FUNCTION = YES;
				GCC_WARN_UNUSED_VARIABLE = YES;
				MTL_ENABLE_DEBUG_INFO = INCLUDE_SOURCE;
				MTL_FAST_MATH = YES;
				ONLY_ACTIVE_ARCH = YES;
				SWIFT_ACTIVE_COMPILATION_CONDITIONS = DEBUG;
				SWIFT_OPTIMIZATION_LEVEL = "-Onone";
			};
			name = Debug;
		};
		F4CA5FCC2AD1DE1600A7B5C0 /* Release */ = {
			isa = XCBuildConfiguration;
			buildSettings = {
				ALWAYS_SEARCH_USER_PATHS = NO;
				CLANG_ANALYZER_NONNULL = YES;
				CLANG_ANALYZER_NUMBER_OBJECT_CONVERSION = YES_AGGRESSIVE;
				CLANG_CXX_LANGUAGE_STANDARD = "gnu++20";
				CLANG_ENABLE_MODULES = YES;
				CLANG_ENABLE_OBJC_ARC = YES;
				CLANG_ENABLE_OBJC_WEAK = YES;
				CLANG_WARN_BLOCK_CAPTURE_AUTORELEASING = YES;
				CLANG_WARN_BOOL_CONVERSION = YES;
				CLANG_WARN_COMMA = YES;
				CLANG_WARN_CONSTANT_CONVERSION = YES;
				CLANG_WARN_DEPRECATED_OBJC_IMPLEMENTATIONS = YES;
				CLANG_WARN_DIRECT_OBJC_ISA_USAGE = YES_ERROR;
				CLANG_WARN_DOCUMENTATION_COMMENTS = YES;
				CLANG_WARN_EMPTY_BODY = YES;
				CLANG_WARN_ENUM_CONVERSION = YES;
				CLANG_WARN_INFINITE_RECURSION = YES;
				CLANG_WARN_INT_CONVERSION = YES;
				CLANG_WARN_NON_LITERAL_NULL_CONVERSION = YES;
				CLANG_WARN_OBJC_IMPLICIT_RETAIN_SELF = YES;
				CLANG_WARN_OBJC_LITERAL_CONVERSION = YES;
				CLANG_WARN_OBJC_ROOT_CLASS = YES_ERROR;
				CLANG_WARN_QUOTED_INCLUDE_IN_FRAMEWORK_HEADER = YES;
				CLANG_WARN_RANGE_LOOP_ANALYSIS = YES;
				CLANG_WARN_STRICT_PROTOTYPES = YES;
				CLANG_WARN_SUSPICIOUS_MOVE = YES;
				CLANG_WARN_UNGUARDED_AVAILABILITY = YES_AGGRESSIVE;
				CLANG_WARN_UNREACHABLE_CODE = YES;
				CLANG_WARN__DUPLICATE_METHOD_MATCH = YES;
				COPY_PHASE_STRIP = NO;
				DEBUG_INFORMATION_FORMAT = "dwarf-with-dsym";
				ENABLE_NS_ASSERTIONS = NO;
				ENABLE_STRICT_OBJC_MSGSEND = YES;
				GCC_C_LANGUAGE_STANDARD = gnu11;
				GCC_NO_COMMON_BLOCKS = YES;
				GCC_WARN_64_TO_32_BIT_CONVERSION = YES;
				GCC_WARN_ABOUT_RETURN_TYPE = YES_ERROR;
				GCC_WARN_UNDECLARED_SELECTOR = YES;
				GCC_WARN_UNINITIALIZED_AUTOS = YES_AGGRESSIVE;
				GCC_WARN_UNUSED_FUNCTION = YES;
				GCC_WARN_UNUSED_VARIABLE = YES;
				MTL_ENABLE_DEBUG_INFO = NO;
				MTL_FAST_MATH = YES;
				SWIFT_COMPILATION_MODE = wholemodule;
				SWIFT_OPTIMIZATION_LEVEL = "-O";
			};
			name = Release;
		};
		F4CA5FCE2AD1DE1600A7B5C0 /* Debug */ = {
			isa = XCBuildConfiguration;
			buildSettings = {
				ASSETCATALOG_COMPILER_APPICON_NAME = AppIcon;
				ASSETCATALOG_COMPILER_GLOBAL_ACCENT_COLOR_NAME = AccentColor;
				CODE_SIGN_ENTITLEMENTS = LocationFinder/LocationFinder.entitlements;
				CODE_SIGN_STYLE = Automatic;
				CURRENT_PROJECT_VERSION = 1;
				DEVELOPMENT_ASSET_PATHS = "\"LocationFinder/Preview Content\"";
				DEVELOPMENT_TEAM = CF3SNU9U32;
				ENABLE_HARDENED_RUNTIME = YES;
				ENABLE_PREVIEWS = YES;
				GENERATE_INFOPLIST_FILE = YES;
				INFOPLIST_FILE = LocationFinder/Info.plist;
				"INFOPLIST_KEY_UIApplicationSceneManifest_Generation[sdk=iphoneos*]" = YES;
				"INFOPLIST_KEY_UIApplicationSceneManifest_Generation[sdk=iphonesimulator*]" = YES;
				"INFOPLIST_KEY_UIApplicationSupportsIndirectInputEvents[sdk=iphoneos*]" = YES;
				"INFOPLIST_KEY_UIApplicationSupportsIndirectInputEvents[sdk=iphonesimulator*]" = YES;
				"INFOPLIST_KEY_UILaunchScreen_Generation[sdk=iphoneos*]" = YES;
				"INFOPLIST_KEY_UILaunchScreen_Generation[sdk=iphonesimulator*]" = YES;
				"INFOPLIST_KEY_UIStatusBarStyle[sdk=iphoneos*]" = UIStatusBarStyleDefault;
				"INFOPLIST_KEY_UIStatusBarStyle[sdk=iphonesimulator*]" = UIStatusBarStyleDefault;
				INFOPLIST_KEY_UISupportedInterfaceOrientations_iPad = "UIInterfaceOrientationPortrait UIInterfaceOrientationPortraitUpsideDown UIInterfaceOrientationLandscapeLeft UIInterfaceOrientationLandscapeRight";
				INFOPLIST_KEY_UISupportedInterfaceOrientations_iPhone = "UIInterfaceOrientationPortrait UIInterfaceOrientationLandscapeLeft UIInterfaceOrientationLandscapeRight";
				IPHONEOS_DEPLOYMENT_TARGET = 16.4;
				LD_RUNPATH_SEARCH_PATHS = "@executable_path/Frameworks";
				"LD_RUNPATH_SEARCH_PATHS[sdk=macosx*]" = "@executable_path/../Frameworks";
				MACOSX_DEPLOYMENT_TARGET = 13.3;
				MARKETING_VERSION = 1.0;
				PRODUCT_BUNDLE_IDENTIFIER = com.LocationFinder;
				PRODUCT_NAME = "$(TARGET_NAME)";
				SDKROOT = auto;
				SUPPORTED_PLATFORMS = "iphoneos iphonesimulator macosx";
				SWIFT_EMIT_LOC_STRINGS = YES;
				SWIFT_VERSION = 5.0;
				TARGETED_DEVICE_FAMILY = "1,2";
			};
			name = Debug;
		};
		F4CA5FCF2AD1DE1600A7B5C0 /* Release */ = {
			isa = XCBuildConfiguration;
			buildSettings = {
				ASSETCATALOG_COMPILER_APPICON_NAME = AppIcon;
				ASSETCATALOG_COMPILER_GLOBAL_ACCENT_COLOR_NAME = AccentColor;
				CODE_SIGN_ENTITLEMENTS = LocationFinder/LocationFinder.entitlements;
				CODE_SIGN_STYLE = Automatic;
				CURRENT_PROJECT_VERSION = 1;
				DEVELOPMENT_ASSET_PATHS = "\"LocationFinder/Preview Content\"";
				DEVELOPMENT_TEAM = CF3SNU9U32;
				ENABLE_HARDENED_RUNTIME = YES;
				ENABLE_PREVIEWS = YES;
				GENERATE_INFOPLIST_FILE = YES;
				INFOPLIST_FILE = LocationFinder/Info.plist;
				"INFOPLIST_KEY_UIApplicationSceneManifest_Generation[sdk=iphoneos*]" = YES;
				"INFOPLIST_KEY_UIApplicationSceneManifest_Generation[sdk=iphonesimulator*]" = YES;
				"INFOPLIST_KEY_UIApplicationSupportsIndirectInputEvents[sdk=iphoneos*]" = YES;
				"INFOPLIST_KEY_UIApplicationSupportsIndirectInputEvents[sdk=iphonesimulator*]" = YES;
				"INFOPLIST_KEY_UILaunchScreen_Generation[sdk=iphoneos*]" = YES;
				"INFOPLIST_KEY_UILaunchScreen_Generation[sdk=iphonesimulator*]" = YES;
				"INFOPLIST_KEY_UIStatusBarStyle[sdk=iphoneos*]" = UIStatusBarStyleDefault;
				"INFOPLIST_KEY_UIStatusBarStyle[sdk=iphonesimulator*]" = UIStatusBarStyleDefault;
				INFOPLIST_KEY_UISupportedInterfaceOrientations_iPad = "UIInterfaceOrientationPortrait UIInterfaceOrientationPortraitUpsideDown UIInterfaceOrientationLandscapeLeft UIInterfaceOrientationLandscapeRight";
				INFOPLIST_KEY_UISupportedInterfaceOrientations_iPhone = "UIInterfaceOrientationPortrait UIInterfaceOrientationLandscapeLeft UIInterfaceOrientationLandscapeRight";
				IPHONEOS_DEPLOYMENT_TARGET = 16.4;
				LD_RUNPATH_SEARCH_PATHS = "@executable_path/Frameworks";
				"LD_RUNPATH_SEARCH_PATHS[sdk=macosx*]" = "@executable_path/../Frameworks";
				MACOSX_DEPLOYMENT_TARGET = 13.3;
				MARKETING_VERSION = 1.0;
				PRODUCT_BUNDLE_IDENTIFIER = com.LocationFinder;
				PRODUCT_NAME = "$(TARGET_NAME)";
				SDKROOT = auto;
				SUPPORTED_PLATFORMS = "iphoneos iphonesimulator macosx";
				SWIFT_EMIT_LOC_STRINGS = YES;
				SWIFT_VERSION = 5.0;
				TARGETED_DEVICE_FAMILY = "1,2";
			};
			name = Release;
		};
/* End XCBuildConfiguration section */

/* Begin XCConfigurationList section */
		F4CA5FB92AD1DE1300A7B5C0 /* Build configuration list for PBXProject "LocationFinder" */ = {
			isa = XCConfigurationList;
			buildConfigurations = (
				F4CA5FCB2AD1DE1600A7B5C0 /* Debug */,
				F4CA5FCC2AD1DE1600A7B5C0 /* Release */,
			);
			defaultConfigurationIsVisible = 0;
			defaultConfigurationName = Release;
		};
		F4CA5FCD2AD1DE1600A7B5C0 /* Build configuration list for PBXNativeTarget "LocationFinder" */ = {
			isa = XCConfigurationList;
			buildConfigurations = (
				F4CA5FCE2AD1DE1600A7B5C0 /* Debug */,
				F4CA5FCF2AD1DE1600A7B5C0 /* Release */,
			);
			defaultConfigurationIsVisible = 0;
			defaultConfigurationName = Release;
		};
/* End XCConfigurationList section */
	};
	rootObject = F4CA5FB62AD1DE1300A7B5C0 /* Project object */;
}
